// !$*UTF8*$!
{
	archiveVersion = 1;
	classes = {
	};
	objectVersion = 46;
	objects = {

/* Begin PBXBuildFile section */
		C814DC8919F7762A00AA1A51 /* AppDelegate.swift in Sources */ = {isa = PBXBuildFile; fileRef = C814DC8819F7762A00AA1A51 /* AppDelegate.swift */; };
		C814DC8B19F7762A00AA1A51 /* GameScene.sks in Resources */ = {isa = PBXBuildFile; fileRef = C814DC8A19F7762A00AA1A51 /* GameScene.sks */; };
		C814DC8D19F7762A00AA1A51 /* GameScene.swift in Sources */ = {isa = PBXBuildFile; fileRef = C814DC8C19F7762A00AA1A51 /* GameScene.swift */; };
		C814DC8F19F7762A00AA1A51 /* GameViewController.swift in Sources */ = {isa = PBXBuildFile; fileRef = C814DC8E19F7762A00AA1A51 /* GameViewController.swift */; };
		C814DC9219F7762A00AA1A51 /* Main.storyboard in Resources */ = {isa = PBXBuildFile; fileRef = C814DC9019F7762A00AA1A51 /* Main.storyboard */; };
		C814DC9419F7762A00AA1A51 /* Images.xcassets in Resources */ = {isa = PBXBuildFile; fileRef = C814DC9319F7762A00AA1A51 /* Images.xcassets */; };
		C814DC9719F7762A00AA1A51 /* LaunchScreen.xib in Resources */ = {isa = PBXBuildFile; fileRef = C814DC9519F7762A00AA1A51 /* LaunchScreen.xib */; };
		C814DCA319F7762A00AA1A51 /* FlappySpritesTests.swift in Sources */ = {isa = PBXBuildFile; fileRef = C814DCA219F7762A00AA1A51 /* FlappySpritesTests.swift */; };
		C814DCAF19F7791600AA1A51 /* sprite.png in Resources */ = {isa = PBXBuildFile; fileRef = C814DCAE19F7791600AA1A51 /* sprite.png */; };
		C814DCB819F7899800AA1A51 /* PipeDown.png in Resources */ = {isa = PBXBuildFile; fileRef = C814DCB619F7899800AA1A51 /* PipeDown.png */; };
		C814DCB919F7899800AA1A51 /* PipeUp.png in Resources */ = {isa = PBXBuildFile; fileRef = C814DCB719F7899800AA1A51 /* PipeUp.png */; };
		C814DCBB19F789AE00AA1A51 /* ground.png in Resources */ = {isa = PBXBuildFile; fileRef = C814DCBA19F789AE00AA1A51 /* ground.png */; };
/* End PBXBuildFile section */

/* Begin PBXContainerItemProxy section */
		C814DC9D19F7762A00AA1A51 /* PBXContainerItemProxy */ = {
			isa = PBXContainerItemProxy;
			containerPortal = C814DC7B19F7762A00AA1A51 /* Project object */;
			proxyType = 1;
			remoteGlobalIDString = C814DC8219F7762A00AA1A51;
			remoteInfo = FlappySprites;
		};
/* End PBXContainerItemProxy section */

/* Begin PBXFileReference section */
		C814DC8319F7762A00AA1A51 /* FlappySprites.app */ = {isa = PBXFileReference; explicitFileType = wrapper.application; includeInIndex = 0; path = FlappySprites.app; sourceTree = BUILT_PRODUCTS_DIR; };
		C814DC8719F7762A00AA1A51 /* Info.plist */ = {isa = PBXFileReference; lastKnownFileType = text.plist.xml; path = Info.plist; sourceTree = "<group>"; };
		C814DC8819F7762A00AA1A51 /* AppDelegate.swift */ = {isa = PBXFileReference; lastKnownFileType = sourcecode.swift; path = AppDelegate.swift; sourceTree = "<group>"; };
		C814DC8A19F7762A00AA1A51 /* GameScene.sks */ = {isa = PBXFileReference; lastKnownFileType = file.sks; path = GameScene.sks; sourceTree = "<group>"; };
		C814DC8C19F7762A00AA1A51 /* GameScene.swift */ = {isa = PBXFileReference; lastKnownFileType = sourcecode.swift; path = GameScene.swift; sourceTree = "<group>"; };
		C814DC8E19F7762A00AA1A51 /* GameViewController.swift */ = {isa = PBXFileReference; lastKnownFileType = sourcecode.swift; path = GameViewController.swift; sourceTree = "<group>"; };
		C814DC9119F7762A00AA1A51 /* Base */ = {isa = PBXFileReference; lastKnownFileType = file.storyboard; name = Base; path = Base.lproj/Main.storyboard; sourceTree = "<group>"; };
		C814DC9319F7762A00AA1A51 /* Images.xcassets */ = {isa = PBXFileReference; lastKnownFileType = folder.assetcatalog; path = Images.xcassets; sourceTree = "<group>"; };
		C814DC9619F7762A00AA1A51 /* Base */ = {isa = PBXFileReference; lastKnownFileType = file.xib; name = Base; path = Base.lproj/LaunchScreen.xib; sourceTree = "<group>"; };
		C814DC9C19F7762A00AA1A51 /* FlappySpritesTests.xctest */ = {isa = PBXFileReference; explicitFileType = wrapper.cfbundle; includeInIndex = 0; path = FlappySpritesTests.xctest; sourceTree = BUILT_PRODUCTS_DIR; };
		C814DCA119F7762A00AA1A51 /* Info.plist */ = {isa = PBXFileReference; lastKnownFileType = text.plist.xml; path = Info.plist; sourceTree = "<group>"; };
		C814DCA219F7762A00AA1A51 /* FlappySpritesTests.swift */ = {isa = PBXFileReference; lastKnownFileType = sourcecode.swift; path = FlappySpritesTests.swift; sourceTree = "<group>"; };
		C814DCAE19F7791600AA1A51 /* sprite.png */ = {isa = PBXFileReference; lastKnownFileType = image.png; path = sprite.png; sourceTree = "<group>"; };
		C814DCB619F7899800AA1A51 /* PipeDown.png */ = {isa = PBXFileReference; lastKnownFileType = image.png; path = PipeDown.png; sourceTree = "<group>"; };
		C814DCB719F7899800AA1A51 /* PipeUp.png */ = {isa = PBXFileReference; lastKnownFileType = image.png; path = PipeUp.png; sourceTree = "<group>"; };
		C814DCBA19F789AE00AA1A51 /* ground.png */ = {isa = PBXFileReference; lastKnownFileType = image.png; path = ground.png; sourceTree = "<group>"; };
/* End PBXFileReference section */

/* Begin PBXFrameworksBuildPhase section */
		C814DC8019F7762A00AA1A51 /* Frameworks */ = {
			isa = PBXFrameworksBuildPhase;
			buildActionMask = 2147483647;
			files = (
			);
			runOnlyForDeploymentPostprocessing = 0;
		};
		C814DC9919F7762A00AA1A51 /* Frameworks */ = {
			isa = PBXFrameworksBuildPhase;
			buildActionMask = 2147483647;
			files = (
			);
			runOnlyForDeploymentPostprocessing = 0;
		};
/* End PBXFrameworksBuildPhase section */

/* Begin PBXGroup section */
		C814DC7A19F7762A00AA1A51 = {
			isa = PBXGroup;
			children = (
				C814DC8519F7762A00AA1A51 /* FlappySprites */,
				C814DC9F19F7762A00AA1A51 /* FlappySpritesTests */,
				C814DC8419F7762A00AA1A51 /* Products */,
			);
			sourceTree = "<group>";
		};
		C814DC8419F7762A00AA1A51 /* Products */ = {
			isa = PBXGroup;
			children = (
				C814DC8319F7762A00AA1A51 /* FlappySprites.app */,
				C814DC9C19F7762A00AA1A51 /* FlappySpritesTests.xctest */,
			);
			name = Products;
			sourceTree = "<group>";
		};
		C814DC8519F7762A00AA1A51 /* FlappySprites */ = {
			isa = PBXGroup;
			children = (
				C814DC8819F7762A00AA1A51 /* AppDelegate.swift */,
				C814DC8A19F7762A00AA1A51 /* GameScene.sks */,
				C814DC8C19F7762A00AA1A51 /* GameScene.swift */,
				C814DC8E19F7762A00AA1A51 /* GameViewController.swift */,
				C814DC9019F7762A00AA1A51 /* Main.storyboard */,
				C814DC9319F7762A00AA1A51 /* Images.xcassets */,
				C814DC9519F7762A00AA1A51 /* LaunchScreen.xib */,
				C814DC8619F7762A00AA1A51 /* Supporting Files */,
			);
			path = FlappySprites;
			sourceTree = "<group>";
		};
		C814DC8619F7762A00AA1A51 /* Supporting Files */ = {
			isa = PBXGroup;
			children = (
				C814DCBA19F789AE00AA1A51 /* ground.png */,
				C814DCB619F7899800AA1A51 /* PipeDown.png */,
				C814DCB719F7899800AA1A51 /* PipeUp.png */,
				C814DC8719F7762A00AA1A51 /* Info.plist */,
				C814DCAE19F7791600AA1A51 /* sprite.png */,
			);
			name = "Supporting Files";
			sourceTree = "<group>";
		};
		C814DC9F19F7762A00AA1A51 /* FlappySpritesTests */ = {
			isa = PBXGroup;
			children = (
				C814DCA219F7762A00AA1A51 /* FlappySpritesTests.swift */,
				C814DCA019F7762A00AA1A51 /* Supporting Files */,
			);
			path = FlappySpritesTests;
			sourceTree = "<group>";
		};
		C814DCA019F7762A00AA1A51 /* Supporting Files */ = {
			isa = PBXGroup;
			children = (
				C814DCA119F7762A00AA1A51 /* Info.plist */,
			);
			name = "Supporting Files";
			sourceTree = "<group>";
		};
/* End PBXGroup section */

/* Begin PBXNativeTarget section */
		C814DC8219F7762A00AA1A51 /* FlappySprites */ = {
			isa = PBXNativeTarget;
			buildConfigurationList = C814DCA619F7762A00AA1A51 /* Build configuration list for PBXNativeTarget "FlappySprites" */;
			buildPhases = (
				C814DC7F19F7762A00AA1A51 /* Sources */,
				C814DC8019F7762A00AA1A51 /* Frameworks */,
				C814DC8119F7762A00AA1A51 /* Resources */,
			);
			buildRules = (
			);
			dependencies = (
			);
			name = FlappySprites;
			productName = FlappySprites;
			productReference = C814DC8319F7762A00AA1A51 /* FlappySprites.app */;
			productType = "com.apple.product-type.application";
		};
		C814DC9B19F7762A00AA1A51 /* FlappySpritesTests */ = {
			isa = PBXNativeTarget;
			buildConfigurationList = C814DCA919F7762A00AA1A51 /* Build configuration list for PBXNativeTarget "FlappySpritesTests" */;
			buildPhases = (
				C814DC9819F7762A00AA1A51 /* Sources */,
				C814DC9919F7762A00AA1A51 /* Frameworks */,
				C814DC9A19F7762A00AA1A51 /* Resources */,
			);
			buildRules = (
			);
			dependencies = (
				C814DC9E19F7762A00AA1A51 /* PBXTargetDependency */,
			);
			name = FlappySpritesTests;
			productName = FlappySpritesTests;
			productReference = C814DC9C19F7762A00AA1A51 /* FlappySpritesTests.xctest */;
			productType = "com.apple.product-type.bundle.unit-test";
		};
/* End PBXNativeTarget section */

/* Begin PBXProject section */
		C814DC7B19F7762A00AA1A51 /* Project object */ = {
			isa = PBXProject;
			attributes = {
				LastUpgradeCheck = 0600;
				ORGANIZATIONNAME = "Wilson Burhan";
				TargetAttributes = {
					C814DC8219F7762A00AA1A51 = {
						CreatedOnToolsVersion = 6.0.1;
					};
					C814DC9B19F7762A00AA1A51 = {
						CreatedOnToolsVersion = 6.0.1;
						TestTargetID = C814DC8219F7762A00AA1A51;
					};
				};
			};
			buildConfigurationList = C814DC7E19F7762A00AA1A51 /* Build configuration list for PBXProject "FlappySprites" */;
			compatibilityVersion = "Xcode 3.2";
			developmentRegion = English;
			hasScannedForEncodings = 0;
			knownRegions = (
				en,
				Base,
			);
			mainGroup = C814DC7A19F7762A00AA1A51;
			productRefGroup = C814DC8419F7762A00AA1A51 /* Products */;
			projectDirPath = "";
			projectRoot = "";
			targets = (
				C814DC8219F7762A00AA1A51 /* FlappySprites */,
				C814DC9B19F7762A00AA1A51 /* FlappySpritesTests */,
			);
		};
/* End PBXProject section */

/* Begin PBXResourcesBuildPhase section */
		C814DC8119F7762A00AA1A51 /* Resources */ = {
			isa = PBXResourcesBuildPhase;
			buildActionMask = 2147483647;
			files = (
				C814DCB919F7899800AA1A51 /* PipeUp.png in Resources */,
				C814DC9719F7762A00AA1A51 /* LaunchScreen.xib in Resources */,
				C814DC9419F7762A00AA1A51 /* Images.xcassets in Resources */,
				C814DC8B19F7762A00AA1A51 /* GameScene.sks in Resources */,
				C814DCBB19F789AE00AA1A51 /* ground.png in Resources */,
				C814DCB819F7899800AA1A51 /* PipeDown.png in Resources */,
				C814DC9219F7762A00AA1A51 /* Main.storyboard in Resources */,
				C814DCAF19F7791600AA1A51 /* sprite.png in Resources */,
			);
			runOnlyForDeploymentPostprocessing = 0;
		};
		C814DC9A19F7762A00AA1A51 /* Resources */ = {
			isa = PBXResourcesBuildPhase;
			buildActionMask = 2147483647;
			files = (
			);
			runOnlyForDeploymentPostprocessing = 0;
		};
/* End PBXResourcesBuildPhase section */

/* Begin PBXSourcesBuildPhase section */
		C814DC7F19F7762A00AA1A51 /* Sources */ = {
			isa = PBXSourcesBuildPhase;
			buildActionMask = 2147483647;
			files = (
				C814DC8D19F7762A00AA1A51 /* GameScene.swift in Sources */,
				C814DC8F19F7762A00AA1A51 /* GameViewController.swift in Sources */,
				C814DC8919F7762A00AA1A51 /* AppDelegate.swift in Sources */,
			);
			runOnlyForDeploymentPostprocessing = 0;
		};
		C814DC9819F7762A00AA1A51 /* Sources */ = {
			isa = PBXSourcesBuildPhase;
			buildActionMask = 2147483647;
			files = (
				C814DCA319F7762A00AA1A51 /* FlappySpritesTests.swift in Sources */,
			);
			runOnlyForDeploymentPostprocessing = 0;
		};
/* End PBXSourcesBuildPhase section */

/* Begin PBXTargetDependency section */
		C814DC9E19F7762A00AA1A51 /* PBXTargetDependency */ = {
			isa = PBXTargetDependency;
			target = C814DC8219F7762A00AA1A51 /* FlappySprites */;
			targetProxy = C814DC9D19F7762A00AA1A51 /* PBXContainerItemProxy */;
		};
/* End PBXTargetDependency section */

/* Begin PBXVariantGroup section */
		C814DC9019F7762A00AA1A51 /* Main.storyboard */ = {
			isa = PBXVariantGroup;
			children = (
				C814DC9119F7762A00AA1A51 /* Base */,
			);
			name = Main.storyboard;
			sourceTree = "<group>";
		};
		C814DC9519F7762A00AA1A51 /* LaunchScreen.xib */ = {
			isa = PBXVariantGroup;
			children = (
				C814DC9619F7762A00AA1A51 /* Base */,
			);
			name = LaunchScreen.xib;
			sourceTree = "<group>";
		};
/* End PBXVariantGroup section */

/* Begin XCBuildConfiguration section */
		C814DCA419F7762A00AA1A51 /* Debug */ = {
			isa = XCBuildConfiguration;
			buildSettings = {
				ALWAYS_SEARCH_USER_PATHS = NO;
				CLANG_CXX_LANGUAGE_STANDARD = "gnu++0x";
				CLANG_CXX_LIBRARY = "libc++";
				CLANG_ENABLE_MODULES = YES;
				CLANG_ENABLE_OBJC_ARC = YES;
				CLANG_WARN_BOOL_CONVERSION = YES;
				CLANG_WARN_CONSTANT_CONVERSION = YES;
				CLANG_WARN_DIRECT_OBJC_ISA_USAGE = YES_ERROR;
				CLANG_WARN_EMPTY_BODY = YES;
				CLANG_WARN_ENUM_CONVERSION = YES;
				CLANG_WARN_INT_CONVERSION = YES;
				CLANG_WARN_OBJC_ROOT_CLASS = YES_ERROR;
				CLANG_WARN_UNREACHABLE_CODE = YES;
				CLANG_WARN__DUPLICATE_METHOD_MATCH = YES;
				"CODE_SIGN_IDENTITY[sdk=iphoneos*]" = "iPhone Developer";
				COPY_PHASE_STRIP = NO;
				ENABLE_STRICT_OBJC_MSGSEND = YES;
				GCC_C_LANGUAGE_STANDARD = gnu99;
				GCC_DYNAMIC_NO_PIC = NO;
				GCC_OPTIMIZATION_LEVEL = 0;
				GCC_PREPROCESSOR_DEFINITIONS = (
					"DEBUG=1",
					"$(inherited)",
				);
				GCC_SYMBOLS_PRIVATE_EXTERN = NO;
				GCC_WARN_64_TO_32_BIT_CONVERSION = YES;
				GCC_WARN_ABOUT_RETURN_TYPE = YES_ERROR;
				GCC_WARN_UNDECLARED_SELECTOR = YES;
				GCC_WARN_UNINITIALIZED_AUTOS = YES_AGGRESSIVE;
				GCC_WARN_UNUSED_FUNCTION = YES;
				GCC_WARN_UNUSED_VARIABLE = YES;
				IPHONEOS_DEPLOYMENT_TARGET = 8.0;
				MTL_ENABLE_DEBUG_INFO = YES;
				ONLY_ACTIVE_ARCH = YES;
				SDKROOT = iphoneos;
				SWIFT_OPTIMIZATION_LEVEL = "-Onone";
			};
			name = Debug;
		};
		C814DCA519F7762A00AA1A51 /* Release */ = {
			isa = XCBuildConfiguration;
			buildSettings = {
				ALWAYS_SEARCH_USER_PATHS = NO;
				CLANG_CXX_LANGUAGE_STANDARD = "gnu++0x";
				CLANG_CXX_LIBRARY = "libc++";
				CLANG_ENABLE_MODULES = YES;
				CLANG_ENABLE_OBJC_ARC = YES;
				CLANG_WARN_BOOL_CONVERSION = YES;
				CLANG_WARN_CONSTANT_CONVERSION = YES;
				CLANG_WARN_DIRECT_OBJC_ISA_USAGE = YES_ERROR;
				CLANG_WARN_EMPTY_BODY = YES;
				CLANG_WARN_ENUM_CONVERSION = YES;
				CLANG_WARN_INT_CONVERSION = YES;
				CLANG_WARN_OBJC_ROOT_CLASS = YES_ERROR;
				CLANG_WARN_UNREACHABLE_CODE = YES;
				CLANG_WARN__DUPLICATE_METHOD_MATCH = YES;
				"CODE_SIGN_IDENTITY[sdk=iphoneos*]" = "iPhone Developer";
				COPY_PHASE_STRIP = YES;
				ENABLE_NS_ASSERTIONS = NO;
				ENABLE_STRICT_OBJC_MSGSEND = YES;
				GCC_C_LANGUAGE_STANDARD = gnu99;
				GCC_WARN_64_TO_32_BIT_CONVERSION = YES;
				GCC_WARN_ABOUT_RETURN_TYPE = YES_ERROR;
				GCC_WARN_UNDECLARED_SELECTOR = YES;
				GCC_WARN_UNINITIALIZED_AUTOS = YES_AGGRESSIVE;
				GCC_WARN_UNUSED_FUNCTION = YES;
				GCC_WARN_UNUSED_VARIABLE = YES;
				IPHONEOS_DEPLOYMENT_TARGET = 8.0;
				MTL_ENABLE_DEBUG_INFO = NO;
				SDKROOT = iphoneos;
				VALIDATE_PRODUCT = YES;
			};
			name = Release;
		};
		C814DCA719F7762A00AA1A51 /* Debug */ = {
			isa = XCBuildConfiguration;
			buildSettings = {
				ASSETCATALOG_COMPILER_APPICON_NAME = AppIcon;
				CODE_SIGN_IDENTITY = "iPhone Developer";
				INFOPLIST_FILE = FlappySprites/Info.plist;
				LD_RUNPATH_SEARCH_PATHS = "$(inherited) @executable_path/Frameworks";
				PRODUCT_NAME = "$(TARGET_NAME)";
			};
			name = Debug;
		};
		C814DCA819F7762A00AA1A51 /* Release */ = {
			isa = XCBuildConfiguration;
			buildSettings = {
				ASSETCATALOG_COMPILER_APPICON_NAME = AppIcon;
				CODE_SIGN_IDENTITY = "iPhone Developer";
				INFOPLIST_FILE = FlappySprites/Info.plist;
				LD_RUNPATH_SEARCH_PATHS = "$(inherited) @executable_path/Frameworks";
				PRODUCT_NAME = "$(TARGET_NAME)";
			};
			name = Release;
		};
		C814DCAA19F7762A00AA1A51 /* Debug */ = {
			isa = XCBuildConfiguration;
			buildSettings = {
				BUNDLE_LOADER = "$(TEST_HOST)";
				FRAMEWORK_SEARCH_PATHS = (
					"$(SDKROOT)/Developer/Library/Frameworks",
					"$(inherited)",
				);
				GCC_PREPROCESSOR_DEFINITIONS = (
					"DEBUG=1",
					"$(inherited)",
				);
				INFOPLIST_FILE = FlappySpritesTests/Info.plist;
				LD_RUNPATH_SEARCH_PATHS = "$(inherited) @executable_path/Frameworks @loader_path/Frameworks";
				PRODUCT_NAME = "$(TARGET_NAME)";
				TEST_HOST = "$(BUILT_PRODUCTS_DIR)/FlappySprites.app/FlappySprites";
			};
			name = Debug;
		};
		C814DCAB19F7762A00AA1A51 /* Release */ = {
			isa = XCBuildConfiguration;
			buildSettings = {
				BUNDLE_LOADER = "$(TEST_HOST)";
				FRAMEWORK_SEARCH_PATHS = (
					"$(SDKROOT)/Developer/Library/Frameworks",
					"$(inherited)",
				);
				INFOPLIST_FILE = FlappySpritesTests/Info.plist;
				LD_RUNPATH_SEARCH_PATHS = "$(inherited) @executable_path/Frameworks @loader_path/Frameworks";
				PRODUCT_NAME = "$(TARGET_NAME)";
				TEST_HOST = "$(BUILT_PRODUCTS_DIR)/FlappySprites.app/FlappySprites";
			};
			name = Release;
		};
/* End XCBuildConfiguration section */

/* Begin XCConfigurationList section */
		C814DC7E19F7762A00AA1A51 /* Build configuration list for PBXProject "FlappySprites" */ = {
			isa = XCConfigurationList;
			buildConfigurations = (
				C814DCA419F7762A00AA1A51 /* Debug */,
				C814DCA519F7762A00AA1A51 /* Release */,
			);
			defaultConfigurationIsVisible = 0;
			defaultConfigurationName = Release;
		};
		C814DCA619F7762A00AA1A51 /* Build configuration list for PBXNativeTarget "FlappySprites" */ = {
			isa = XCConfigurationList;
			buildConfigurations = (
				C814DCA719F7762A00AA1A51 /* Debug */,
				C814DCA819F7762A00AA1A51 /* Release */,
			);
			defaultConfigurationIsVisible = 0;
			defaultConfigurationName = Release;
		};
		C814DCA919F7762A00AA1A51 /* Build configuration list for PBXNativeTarget "FlappySpritesTests" */ = {
			isa = XCConfigurationList;
			buildConfigurations = (
				C814DCAA19F7762A00AA1A51 /* Debug */,
				C814DCAB19F7762A00AA1A51 /* Release */,
			);
			defaultConfigurationIsVisible = 0;
			defaultConfigurationName = Release;
		};
/* End XCConfigurationList section */
	};
	rootObject = C814DC7B19F7762A00AA1A51 /* Project object */;
}
